<Solution>
  <Folder Name="/src/" />
  <Folder Name="/docker/">
    <Project Path="docker-compose.dcproj">
      <Build />
    </Project>
  </Folder>
  <Folder Name="/src/BuildingBlocks/">
    <Project Path="src/BuildingBlocks/SecurityPlatform.BuildingBlocks/SecurityPlatform.BuildingBlocks.csproj" />
  </Folder>
  <Folder Name="/src/SecurityAudit/">
    <Project Path="src/SecurityAudit/SecurityAudit.Api/SecurityAudit.Api.csproj" />
  </Folder>
</Solution>
